lockfileVersion: '9.0'

settings:
  autoInstallPeers: true
  excludeLinksFromLockfile: false

importers:

  .:
    devDependencies:
      '@tauri-apps/cli':
        specifier: ^2.2.4
        version: 2.2.4

packages:

  '@tauri-apps/cli-darwin-arm64@2.2.4':
    resolution: {integrity: sha512-+sMLkQBFebn/UENyaXpyQqRkdFQie8RdEvYVz0AGthm2p0lMVlWiBmc4ImBJmfo8569zVeDX8B+5OWt4/AuZzA==}
    engines: {node: '>= 10'}
    cpu: [arm64]
    os: [darwin]

  '@tauri-apps/cli-darwin-x64@2.2.4':
    resolution: {integrity: sha512-6fJvXVtQJh7H8q9sll2XC2wO5bpn7bzeh+MQxpcLq6F8SE02sFuNDLN+AqX0DQnuYV0V6jdzM2+bTYOlc1FBsw==}
    engines: {node: '>= 10'}
    cpu: [x64]
    os: [darwin]

  '@tauri-apps/cli-linux-arm-gnueabihf@2.2.4':
    resolution: {integrity: sha512-QU6Ac6tx79iqkxsDUQesCBNq8RrVSkP9HhVzS2reKthK3xbdTCwNUXoRlfhudKMVrIxV4K7uTwUV99eAnwbm5Q==}
    engines: {node: '>= 10'}
    cpu: [arm]
    os: [linux]

  '@tauri-apps/cli-linux-arm64-gnu@2.2.4':
    resolution: {integrity: sha512-uZhp312s6VgJJDgUg+HuHZnhjGg93OT+q/aZMoccdZVQ6dvwH8kJzIkKt9zL1U126AXXoesb1EyYmsAruxaUKA==}
    engines: {node: '>= 10'}
    cpu: [arm64]
    os: [linux]

  '@tauri-apps/cli-linux-arm64-musl@2.2.4':
    resolution: {integrity: sha512-k6JCXd9E+XU0J48nVcFr3QO//bzKg/gp8ZKagBfI2wBpHOk14CnHNBQKNs11nMQUwko4bnPeqj4llcdkbmwIbw==}
    engines: {node: '>= 10'}
    cpu: [arm64]
    os: [linux]

  '@tauri-apps/cli-linux-x64-gnu@2.2.4':
    resolution: {integrity: sha512-bUBPU46OF1pNfM6SsGbUlkCBh/pTzvFlEdUpDISsS40v9NVt+kqCy3tHzLGB412E3lSlA6FnshB6HxkdRRdTtg==}
    engines: {node: '>= 10'}
    cpu: [x64]
    os: [linux]

  '@tauri-apps/cli-linux-x64-musl@2.2.4':
    resolution: {integrity: sha512-vOrpsQDiMtP8q/ZeXfXqgNi3G4Yv5LVX2vI5XkB2yvVuVF1Dvky/hcCJfi9tZQD+IpeiYxjuj7+SxHp82eQ/kA==}
    engines: {node: '>= 10'}
    cpu: [x64]
    os: [linux]

  '@tauri-apps/cli-win32-arm64-msvc@2.2.4':
    resolution: {integrity: sha512-iEP/Cq0ts4Ln4Zh2NSC01lkYEAhr+LotbG4U2z+gxHfCdMrtYYtYdG05C2mpeIxShzL7uEIQb/lhVRBMd7robg==}
    engines: {node: '>= 10'}
    cpu: [arm64]
    os: [win32]

  '@tauri-apps/cli-win32-ia32-msvc@2.2.4':
    resolution: {integrity: sha512-YBbqF0wyHUT00zAGZTTbEbz/C5JDGPnT1Nodor96+tzEU6qAPRYfe5eFe/rpRARbalkpw1UkcVP0Ay8gnksAiA==}
    engines: {node: '>= 10'}
    cpu: [ia32]
    os: [win32]

  '@tauri-apps/cli-win32-x64-msvc@2.2.4':
    resolution: {integrity: sha512-MMago/SfWZbUFrwFmPCXmmbb42h7u8Y5jvLvnK2mOpOfCAsei2tLO4hx+Inoai0l2DByuYO4Ef1xDyP6shCsZQ==}
    engines: {node: '>= 10'}
    cpu: [x64]
    os: [win32]

  '@tauri-apps/cli@2.2.4':
    resolution: {integrity: sha512-pihbuHEWJa9SEcN7JdEbMa0oq28MTTbk0nNNnRG8/irNQTKcjwM+KzxG2wuYZYbsXQVqwSu7PstdIEAnXqYHkw==}
    engines: {node: '>= 10'}
    hasBin: true

snapshots:

  '@tauri-apps/cli-darwin-arm64@2.2.4':
    optional: true

  '@tauri-apps/cli-darwin-x64@2.2.4':
    optional: true

  '@tauri-apps/cli-linux-arm-gnueabihf@2.2.4':
    optional: true

  '@tauri-apps/cli-linux-arm64-gnu@2.2.4':
    optional: true

  '@tauri-apps/cli-linux-arm64-musl@2.2.4':
    optional: true

  '@tauri-apps/cli-linux-x64-gnu@2.2.4':
    optional: true

  '@tauri-apps/cli-linux-x64-musl@2.2.4':
    optional: true

  '@tauri-apps/cli-win32-arm64-msvc@2.2.4':
    optional: true

  '@tauri-apps/cli-win32-ia32-msvc@2.2.4':
    optional: true

  '@tauri-apps/cli-win32-x64-msvc@2.2.4':
    optional: true

  '@tauri-apps/cli@2.2.4':
    optionalDependencies:
      '@tauri-apps/cli-darwin-arm64': 2.2.4
      '@tauri-apps/cli-darwin-x64': 2.2.4
      '@tauri-apps/cli-linux-arm-gnueabihf': 2.2.4
      '@tauri-apps/cli-linux-arm64-gnu': 2.2.4
      '@tauri-apps/cli-linux-arm64-musl': 2.2.4
      '@tauri-apps/cli-linux-x64-gnu': 2.2.4
      '@tauri-apps/cli-linux-x64-musl': 2.2.4
      '@tauri-apps/cli-win32-arm64-msvc': 2.2.4
      '@tauri-apps/cli-win32-ia32-msvc': 2.2.4
      '@tauri-apps/cli-win32-x64-msvc': 2.2.4
