lockfileVersion: '9.0'

settings:
  autoInstallPeers: true
  excludeLinksFromLockfile: false

importers:

  .:
    devDependencies:
      '@tauri-apps/cli':
        specifier: ^2.8.3
        version: 2.8.3

packages:

  '@tauri-apps/cli-darwin-arm64@2.8.3':
    resolution: {integrity: sha512-+X/DjTlH9ZLT9kWrU+Mk9TSu8vVpv30GgfAOKUxlCQobaRSOzN0cxgZfRcgWaDLu80/gWsJ7Ktk9jLfJ9h9CVA==}
    engines: {node: '>= 10'}
    cpu: [arm64]
    os: [darwin]

  '@tauri-apps/cli-darwin-x64@2.8.3':
    resolution: {integrity: sha512-Bs+DK+gGinSj373DEeAuZMUrvTE1m7X5Ef2jC2lU2X8ZhQf4VBV+gNMRoOlSuwIlSTU2eKDQsExtKeFFSpbc8A==}
    engines: {node: '>= 10'}
    cpu: [x64]
    os: [darwin]

  '@tauri-apps/cli-linux-arm-gnueabihf@2.8.3':
    resolution: {integrity: sha512-9pri7KWES6x0M0DWCr5RIsGtXD4yy83Zsf8xuSmn8z6xboFquSnfJZmFsfPz25G8awLFIhxUkxP0YtZGiIUy7g==}
    engines: {node: '>= 10'}
    cpu: [arm]
    os: [linux]

  '@tauri-apps/cli-linux-arm64-gnu@2.8.3':
    resolution: {integrity: sha512-2+qRdUgnFJ7pDW69dFZxYduWEZPya3U2YA6GaDhrYTHBq8/ypPSpuUT+BZ6n9r68+ij7tFMTj+vwNDgNp3M/0w==}
    engines: {node: '>= 10'}
    cpu: [arm64]
    os: [linux]

  '@tauri-apps/cli-linux-arm64-musl@2.8.3':
    resolution: {integrity: sha512-DJHW1vcqmLMqZCBiu9qv7/oYAygNC6xvrxwrUWvWMvaz/qKNy9NVXZm/EUx+sLTCcOxWHyJe+CII1kW3ouI18Q==}
    engines: {node: '>= 10'}
    cpu: [arm64]
    os: [linux]

  '@tauri-apps/cli-linux-riscv64-gnu@2.8.3':
    resolution: {integrity: sha512-+CbLaQXAqd5lPJnfXGyitbgp/q5mnsvCoToGspeVMBYNGd04ES/6XDEcXH7EwNCTgXBTJVRYf3qhI8a8/x31Aw==}
    engines: {node: '>= 10'}
    cpu: [riscv64]
    os: [linux]

  '@tauri-apps/cli-linux-x64-gnu@2.8.3':
    resolution: {integrity: sha512-FGjLnA+3PTJwoN5KEMAi6Q8I6SkuW5w8qSFKldGx2Mma8GqtttXqIDw1BzxcIw/LMcr6JrxjbIRULzmV05q/QA==}
    engines: {node: '>= 10'}
    cpu: [x64]
    os: [linux]

  '@tauri-apps/cli-linux-x64-musl@2.8.3':
    resolution: {integrity: sha512-tWRX3rQJCeUq9mR0Rc0tUV+pdgGL94UqVIzPn0/VmhDehdiDouRdXOUPggJrYUz2Aj/4RvVa83J6B8Hg37s8RQ==}
    engines: {node: '>= 10'}
    cpu: [x64]
    os: [linux]

  '@tauri-apps/cli-win32-arm64-msvc@2.8.3':
    resolution: {integrity: sha512-UQHDmbSMIeWs/Yr3KmtfZFs5m6b+NWUe2+NE7fHu3o4EzPrvNa/Uf4U2XsYKOr0V/yetxZH0/fc+xovcnsqyqA==}
    engines: {node: '>= 10'}
    cpu: [arm64]
    os: [win32]

  '@tauri-apps/cli-win32-ia32-msvc@2.8.3':
    resolution: {integrity: sha512-aIP38i2KeADboPD1wsBFYdodEQ9PIJe0HW2urd3ocHpGxF8gX/KMiGOwGVSobu9gFlCpFNoVwCX6J1S5pJCRIQ==}
    engines: {node: '>= 10'}
    cpu: [ia32]
    os: [win32]

  '@tauri-apps/cli-win32-x64-msvc@2.8.3':
    resolution: {integrity: sha512-Z+H+PwK+3yMffG1rN7iqs+uPo6FkPyHJ4MTtFhnEvvGzc3aH711bwFb6+PXwMXfOb/jPR/LB+o6kEXghBu9ynQ==}
    engines: {node: '>= 10'}
    cpu: [x64]
    os: [win32]

  '@tauri-apps/cli@2.8.3':
    resolution: {integrity: sha512-5IlcOtVBI6HYcTRFH4tuLZV+FX09Psi4Xi+TyFf/S8T8w+ZzPNnrehHz6KUGRbuXHfJhtmRDoUULXNEhpdVkfA==}
    engines: {node: '>= 10'}
    hasBin: true

snapshots:

  '@tauri-apps/cli-darwin-arm64@2.8.3':
    optional: true

  '@tauri-apps/cli-darwin-x64@2.8.3':
    optional: true

  '@tauri-apps/cli-linux-arm-gnueabihf@2.8.3':
    optional: true

  '@tauri-apps/cli-linux-arm64-gnu@2.8.3':
    optional: true

  '@tauri-apps/cli-linux-arm64-musl@2.8.3':
    optional: true

  '@tauri-apps/cli-linux-riscv64-gnu@2.8.3':
    optional: true

  '@tauri-apps/cli-linux-x64-gnu@2.8.3':
    optional: true

  '@tauri-apps/cli-linux-x64-musl@2.8.3':
    optional: true

  '@tauri-apps/cli-win32-arm64-msvc@2.8.3':
    optional: true

  '@tauri-apps/cli-win32-ia32-msvc@2.8.3':
    optional: true

  '@tauri-apps/cli-win32-x64-msvc@2.8.3':
    optional: true

  '@tauri-apps/cli@2.8.3':
    optionalDependencies:
      '@tauri-apps/cli-darwin-arm64': 2.8.3
      '@tauri-apps/cli-darwin-x64': 2.8.3
      '@tauri-apps/cli-linux-arm-gnueabihf': 2.8.3
      '@tauri-apps/cli-linux-arm64-gnu': 2.8.3
      '@tauri-apps/cli-linux-arm64-musl': 2.8.3
      '@tauri-apps/cli-linux-riscv64-gnu': 2.8.3
      '@tauri-apps/cli-linux-x64-gnu': 2.8.3
      '@tauri-apps/cli-linux-x64-musl': 2.8.3
      '@tauri-apps/cli-win32-arm64-msvc': 2.8.3
      '@tauri-apps/cli-win32-ia32-msvc': 2.8.3
      '@tauri-apps/cli-win32-x64-msvc': 2.8.3
